{
  "name": "vscode-inlay-links",
  "version": "1.0.0",
  "lockfileVersion": 3,
  "requires": true,
  "packages": {
    "": {
      "name": "vscode-inlay-links",
      "version": "1.0.0",
      "license": "MIT",
      "devDependencies": {
        "@types/mocha": "^10.0.0",
        "@types/node": "16.18.3",
        "@types/vscode": "1.71.0",
        "typescript": "4.8.4"
      },
      "engines": {
        "vscode": "^1.71.0"
      }
    },
    "node_modules/@types/mocha": {
      "version": "10.0.10",
      "resolved": "https://registry.npmjs.org/@types/mocha/-/mocha-10.0.10.tgz",
      "integrity": "sha512-xPyYSz1cMPnJQhl0CLMH68j3gprKZaTjG3s5Vi+fDgx+uhG9NOXwbVt52eFS8ECyXhyKcjDLCBEqBExKuiZb7Q==",
      "dev": true,
      "license": "MIT"
    },
    "node_modules/@types/node": {
      "version": "16.18.3",
      "resolved": "https://registry.npmjs.org/@types/node/-/node-16.18.3.tgz",
      "integrity": "sha512-jh6m0QUhIRcZpNv7Z/rpN+ZWXOicUUQbSoWks7Htkbb9IjFQj4kzcX/xFCkjstCj5flMsN8FiSvt+q+Tcs4Llg==",
      "dev": true,
      "license": "MIT"
    },
    "node_modules/@types/vscode": {
      "version": "1.71.0",
      "resolved": "https://registry.npmjs.org/@types/vscode/-/vscode-1.71.0.tgz",
      "integrity": "sha512-nB50bBC9H/x2CpwW9FzRRRDrTZ7G0/POttJojvN/LiVfzTGfLyQIje1L1QRMdFXK9G41k5UJN/1B9S4of7CSzA==",
      "dev": true,
      "license": "MIT"
    },
    "node_modules/typescript": {
      "version": "4.8.4",
      "resolved": "https://registry.npmjs.org/typescript/-/typescript-4.8.4.tgz",
      "integrity": "sha512-QCh+85mCy+h0IGff8r5XWzOVSbBO+KfeYrMQh7NJ58QujwcE22u+NUSmUxqF+un70P9GXKxa2HCNiTTMJknyjQ==",
      "dev": true,
      "license": "Apache-2.0",
      "bin": {
        "tsc": "bin/tsc",
        "tsserver": "bin/tsserver"
      },
      "engines": {
        "node": ">=4.2.0"
      }
    }
  }
}
